# THIS IS AN AUTOGENERATED FILE. DO NOT EDIT THIS FILE DIRECTLY.
# yarn lockfile v1


"@tanstack/react-table@^8.10.1":
  version "8.10.1"
  resolved "https://registry.yarnpkg.com/@tanstack/react-table/-/react-table-8.10.1.tgz#f3e7d6e3f82dd43947e8893617a3c50e9e3fa383"
  integrity sha512-pD58vH5ahZv1qzAK9Xl87A5dydBnKiDGdyEsd5VK2bG2wGRbfbpBfH915KdUv+8XqabDQgUo8nU8qHBEQv1qvg==
  dependencies:
    "@tanstack/table-core" "8.10.1"

"@tanstack/table-core@8.10.1":
  version "8.10.1"
  resolved "https://registry.yarnpkg.com/@tanstack/table-core/-/table-core-8.10.1.tgz#04bd980fad9f3205840449c6ed16553c35ed48c9"
  integrity sha512-dvO7wz+WjnT+7KI6ZZ+GAe9tljIFResDaV/TfOhfpeTB0ud9pILsavuM22HAXG2NsVaIG2Zax2OaVIsNt0z7Og==

"@types/mocha@^10.0.1":
  version "10.0.1"
  resolved "https://registry.yarnpkg.com/@types/mocha/-/mocha-10.0.1.tgz#2f4f65bb08bc368ac39c96da7b2f09140b26851b"
  integrity sha512-/fvYntiO1GeICvqbQ3doGDIP97vWmvFt83GKguJ6prmQM2iXZfFcq6YE8KteFyRtX2/h5Hf91BYvPodJKFYv5Q==

"@types/prop-types@*":
  version "15.7.6"
  resolved "https://registry.yarnpkg.com/@types/prop-types/-/prop-types-15.7.6.tgz#bbf819813d6be21011b8f5801058498bec555572"
  integrity sha512-RK/kBbYOQQHLYj9Z95eh7S6t7gq4Ojt/NT8HTk8bWVhA5DaF+5SMnxHKkP4gPNN3wAZkKP+VjAf0ebtYzf+fxg==

"@types/react-table@^7.7.15":
  version "7.7.15"
  resolved "https://registry.yarnpkg.com/@types/react-table/-/react-table-7.7.15.tgz#e9a093a5f2be4fff5ccb41f1aec9516b520ed9b3"
  integrity sha512-tlXKCeq4gk2xT2lB+Hbp/dO5yYZ899HwQOAp/3o3hKw8wp7ngNpdB90BNWE6kWCm5K2KzmEsHnYoJheSS5SVjg==
  dependencies:
    "@types/react" "*"

"@types/react@*":
  version "18.2.22"
  resolved "https://registry.yarnpkg.com/@types/react/-/react-18.2.22.tgz#abe778a1c95a07fa70df40a52d7300a40b949ccb"
  integrity sha512-60fLTOLqzarLED2O3UQImc/lsNRgG0jE/a1mPW9KjMemY0LMITWEsbS4VvZ4p6rorEHd5YKxxmMKSDK505GHpA==
  dependencies:
    "@types/prop-types" "*"
    "@types/scheduler" "*"
    csstype "^3.0.2"

"@types/scheduler@*":
  version "0.16.3"
  resolved "https://registry.yarnpkg.com/@types/scheduler/-/scheduler-0.16.3.tgz#cef09e3ec9af1d63d2a6cc5b383a737e24e6dcf5"
  integrity sha512-5cJ8CB4yAx7BH1oMvdU0Jh9lrEXyPkar6F9G/ERswkCuvP4KQZfZkSjcMbAICCpQTN4OuZn8tz0HiKv9TGZgrQ==

csstype@^3.0.2:
  version "3.1.2"
  resolved "https://registry.yarnpkg.com/csstype/-/csstype-3.1.2.tgz#1d4bf9d572f11c14031f0436e1c10bc1f571f50b"
  integrity sha512-I7K1Uu0MBPzaFKg4nI5Q7Vs2t+3gWWW648spaF+Rg7pI9ds18Ugn+lvg4SHczUdKlHI5LWBXyqfS8+DufyBsgQ==
